
Microsoft Visual Studio Solution File, Format Version 12.00
# Visual Studio Version 16
VisualStudioVersion = 16.0.29911.84
MinimumVisualStudioVersion = 10.0.40219.1
Project("{FAE04EC0-301F-11D3-BF4B-00C04F79EFBC}") = "APBDTUT2", "APBDTUT2\APBDTUT2.csproj", "{E79216BD-D6CF-4886-B3F3-F4CB51FDD49D}"
EndProject
Global
	GlobalSection(SolutionConfigurationPlatforms) = preSolution
		Debug|Any CPU = Debug|Any CPU
		Release|Any CPU = Release|Any CPU
	EndGlobalSection
	GlobalSection(ProjectConfigurationPlatforms) = postSolution
		{E79216BD-D6CF-4886-B3F3-F4CB51FDD49D}.Debug|Any CPU.ActiveCfg = Debug|Any CPU
		{E79216BD-D6CF-4886-B3F3-F4CB51FDD49D}.Debug|Any CPU.Build.0 = Debug|Any CPU
		{E79216BD-D6CF-4886-B3F3-F4CB51FDD49D}.Release|Any CPU.ActiveCfg = Release|Any CPU
		{E79216BD-D6CF-4886-B3F3-F4CB51FDD49D}.Release|Any CPU.Build.0 = Release|Any CPU
	EndGlobalSection
	GlobalSection(SolutionProperties) = preSolution
		HideSolutionNode = FALSE
	EndGlobalSection
	GlobalSection(ExtensibilityGlobals) = postSolution
		SolutionGuid = {1FF5C86B-C019-4E8C-8BCA-69324B729527}
	EndGlobalSection
EndGlobal
